// !$*UTF8*$!
{
	archiveVersion = 1;
	classes = {
	};
	objectVersion = 46;
	objects = {

/* Begin PBXBuildFile section */
		2E2D6D7E188AB2C300E12BF4 /* Daft Punk - Get Lucky 8 Bit.mp3 in Resources */ = {isa = PBXBuildFile; fileRef = 2E2D6D7D188AB2C300E12BF4 /* Daft Punk - Get Lucky 8 Bit.mp3 */; };
		2E2D6D80188AB44400E12BF4 /* AVFoundation.framework in Frameworks */ = {isa = PBXBuildFile; fileRef = 2E2D6D7F188AB44400E12BF4 /* AVFoundation.framework */; };
		2E8377B118896D29002ECE37 /* Foundation.framework in Frameworks */ = {isa = PBXBuildFile; fileRef = 2E8377B018896D28002ECE37 /* Foundation.framework */; };
		2E8377B318896D29002ECE37 /* CoreGraphics.framework in Frameworks */ = {isa = PBXBuildFile; fileRef = 2E8377B218896D29002ECE37 /* CoreGraphics.framework */; };
		2E8377B518896D29002ECE37 /* UIKit.framework in Frameworks */ = {isa = PBXBuildFile; fileRef = 2E8377B418896D29002ECE37 /* UIKit.framework */; };
		2E8377BB18896D29002ECE37 /* InfoPlist.strings in Resources */ = {isa = PBXBuildFile; fileRef = 2E8377B918896D29002ECE37 /* InfoPlist.strings */; };
		2E8377BD18896D29002ECE37 /* main.m in Sources */ = {isa = PBXBuildFile; fileRef = 2E8377BC18896D29002ECE37 /* main.m */; };
		2E8377C118896D29002ECE37 /* AppDelegate.m in Sources */ = {isa = PBXBuildFile; fileRef = 2E8377C018896D29002ECE37 /* AppDelegate.m */; };
		2E8377C418896D29002ECE37 /* Main.storyboard in Resources */ = {isa = PBXBuildFile; fileRef = 2E8377C218896D29002ECE37 /* Main.storyboard */; };
		2E8377C718896D29002ECE37 /* ViewController.m in Sources */ = {isa = PBXBuildFile; fileRef = 2E8377C618896D29002ECE37 /* ViewController.m */; };
		2E8377C918896D29002ECE37 /* Images.xcassets in Resources */ = {isa = PBXBuildFile; fileRef = 2E8377C818896D29002ECE37 /* Images.xcassets */; };
		2E8377D018896D29002ECE37 /* XCTest.framework in Frameworks */ = {isa = PBXBuildFile; fileRef = 2E8377CF18896D29002ECE37 /* XCTest.framework */; };
		2E8377D118896D29002ECE37 /* Foundation.framework in Frameworks */ = {isa = PBXBuildFile; fileRef = 2E8377B018896D28002ECE37 /* Foundation.framework */; };
		2E8377D218896D29002ECE37 /* UIKit.framework in Frameworks */ = {isa = PBXBuildFile; fileRef = 2E8377B418896D29002ECE37 /* UIKit.framework */; };
		2E8377DA18896D29002ECE37 /* InfoPlist.strings in Resources */ = {isa = PBXBuildFile; fileRef = 2E8377D818896D29002ECE37 /* InfoPlist.strings */; };
		2E8377DC18896D29002ECE37 /* Robs_GameTests.m in Sources */ = {isa = PBXBuildFile; fileRef = 2E8377DB18896D29002ECE37 /* Robs_GameTests.m */; };
		2E8377E918896DE2002ECE37 /* 968889_613482758695957_1944775838_t.png in Resources */ = {isa = PBXBuildFile; fileRef = 2E8377E518896DE2002ECE37 /* 968889_613482758695957_1944775838_t.png */; };
		2E8377EA18896DE2002ECE37 /* 969117_613482742029292_1256699407_n.png in Resources */ = {isa = PBXBuildFile; fileRef = 2E8377E618896DE2002ECE37 /* 969117_613482742029292_1256699407_n.png */; };
		2E8377EB18896DE2002ECE37 /* 1004094_613482738695959_1178012209_a.png in Resources */ = {isa = PBXBuildFile; fileRef = 2E8377E718896DE2002ECE37 /* 1004094_613482738695959_1178012209_a.png */; };
		2E8377EC18896DE2002ECE37 /* 1005215_613482728695960_1845735047_n.png in Resources */ = {isa = PBXBuildFile; fileRef = 2E8377E818896DE2002ECE37 /* 1005215_613482728695960_1845735047_n.png */; };
		2E8377EF18899850002ECE37 /* HELI_DOWN.png in Resources */ = {isa = PBXBuildFile; fileRef = 2E8377ED18899850002ECE37 /* HELI_DOWN.png */; };
		2E8377F018899850002ECE37 /* HELI_UP.png in Resources */ = {isa = PBXBuildFile; fileRef = 2E8377EE18899850002ECE37 /* HELI_UP.png */; };
/* End PBXBuildFile section */

/* Begin PBXContainerItemProxy section */
		2E8377D318896D29002ECE37 /* PBXContainerItemProxy */ = {
			isa = PBXContainerItemProxy;
			containerPortal = 2E8377A518896D28002ECE37 /* Project object */;
			proxyType = 1;
			remoteGlobalIDString = 2E8377AC18896D28002ECE37;
			remoteInfo = "Robs Game";
		};
/* End PBXContainerItemProxy section */

/* Begin PBXFileReference section */
		2E2D6D7D188AB2C300E12BF4 /* Daft Punk - Get Lucky 8 Bit.mp3 */ = {isa = PBXFileReference; lastKnownFileType = audio.mp3; path = "Daft Punk - Get Lucky 8 Bit.mp3"; sourceTree = "<group>"; };
		2E2D6D7F188AB44400E12BF4 /* AVFoundation.framework */ = {isa = PBXFileReference; lastKnownFileType = wrapper.framework; name = AVFoundation.framework; path = System/Library/Frameworks/AVFoundation.framework; sourceTree = SDKROOT; };
		2E8377AD18896D28002ECE37 /* Robs Game.app */ = {isa = PBXFileReference; explicitFileType = wrapper.application; includeInIndex = 0; path = "Robs Game.app"; sourceTree = BUILT_PRODUCTS_DIR; };
		2E8377B018896D28002ECE37 /* Foundation.framework */ = {isa = PBXFileReference; lastKnownFileType = wrapper.framework; name = Foundation.framework; path = System/Library/Frameworks/Foundation.framework; sourceTree = SDKROOT; };
		2E8377B218896D29002ECE37 /* CoreGraphics.framework */ = {isa = PBXFileReference; lastKnownFileType = wrapper.framework; name = CoreGraphics.framework; path = System/Library/Frameworks/CoreGraphics.framework; sourceTree = SDKROOT; };
		2E8377B418896D29002ECE37 /* UIKit.framework */ = {isa = PBXFileReference; lastKnownFileType = wrapper.framework; name = UIKit.framework; path = System/Library/Frameworks/UIKit.framework; sourceTree = SDKROOT; };
		2E8377B818896D29002ECE37 /* Robs Game-Info.plist */ = {isa = PBXFileReference; lastKnownFileType = text.plist.xml; path = "Robs Game-Info.plist"; sourceTree = "<group>"; };
		2E8377BA18896D29002ECE37 /* en */ = {isa = PBXFileReference; lastKnownFileType = text.plist.strings; name = en; path = en.lproj/InfoPlist.strings; sourceTree = "<group>"; };
		2E8377BC18896D29002ECE37 /* main.m */ = {isa = PBXFileReference; lastKnownFileType = sourcecode.c.objc; path = main.m; sourceTree = "<group>"; };
		2E8377BE18896D29002ECE37 /* Robs Game-Prefix.pch */ = {isa = PBXFileReference; lastKnownFileType = sourcecode.c.h; path = "Robs Game-Prefix.pch"; sourceTree = "<group>"; };
		2E8377BF18896D29002ECE37 /* AppDelegate.h */ = {isa = PBXFileReference; lastKnownFileType = sourcecode.c.h; path = AppDelegate.h; sourceTree = "<group>"; };
		2E8377C018896D29002ECE37 /* AppDelegate.m */ = {isa = PBXFileReference; lastKnownFileType = sourcecode.c.objc; path = AppDelegate.m; sourceTree = "<group>"; };
		2E8377C318896D29002ECE37 /* Base */ = {isa = PBXFileReference; lastKnownFileType = file.storyboard; name = Base; path = Base.lproj/Main.storyboard; sourceTree = "<group>"; };
		2E8377C518896D29002ECE37 /* ViewController.h */ = {isa = PBXFileReference; lastKnownFileType = sourcecode.c.h; path = ViewController.h; sourceTree = "<group>"; };
		2E8377C618896D29002ECE37 /* ViewController.m */ = {isa = PBXFileReference; lastKnownFileType = sourcecode.c.objc; path = ViewController.m; sourceTree = "<group>"; };
		2E8377C818896D29002ECE37 /* Images.xcassets */ = {isa = PBXFileReference; lastKnownFileType = folder.assetcatalog; path = Images.xcassets; sourceTree = "<group>"; };
		2E8377CE18896D29002ECE37 /* Robs GameTests.xctest */ = {isa = PBXFileReference; explicitFileType = wrapper.cfbundle; includeInIndex = 0; path = "Robs GameTests.xctest"; sourceTree = BUILT_PRODUCTS_DIR; };
		2E8377CF18896D29002ECE37 /* XCTest.framework */ = {isa = PBXFileReference; lastKnownFileType = wrapper.framework; name = XCTest.framework; path = Library/Frameworks/XCTest.framework; sourceTree = DEVELOPER_DIR; };
		2E8377D718896D29002ECE37 /* Robs GameTests-Info.plist */ = {isa = PBXFileReference; lastKnownFileType = text.plist.xml; path = "Robs GameTests-Info.plist"; sourceTree = "<group>"; };
		2E8377D918896D29002ECE37 /* en */ = {isa = PBXFileReference; lastKnownFileType = text.plist.strings; name = en; path = en.lproj/InfoPlist.strings; sourceTree = "<group>"; };
		2E8377DB18896D29002ECE37 /* Robs_GameTests.m */ = {isa = PBXFileReference; lastKnownFileType = sourcecode.c.objc; path = Robs_GameTests.m; sourceTree = "<group>"; };
		2E8377E518896DE2002ECE37 /* 968889_613482758695957_1944775838_t.png */ = {isa = PBXFileReference; lastKnownFileType = image.png; path = 968889_613482758695957_1944775838_t.png; sourceTree = "<group>"; };
		2E8377E618896DE2002ECE37 /* 969117_613482742029292_1256699407_n.png */ = {isa = PBXFileReference; lastKnownFileType = image.png; path = 969117_613482742029292_1256699407_n.png; sourceTree = "<group>"; };
		2E8377E718896DE2002ECE37 /* 1004094_613482738695959_1178012209_a.png */ = {isa = PBXFileReference; lastKnownFileType = image.png; path = 1004094_613482738695959_1178012209_a.png; sourceTree = "<group>"; };
		2E8377E818896DE2002ECE37 /* 1005215_613482728695960_1845735047_n.png */ = {isa = PBXFileReference; lastKnownFileType = image.png; path = 1005215_613482728695960_1845735047_n.png; sourceTree = "<group>"; };
		2E8377ED18899850002ECE37 /* HELI_DOWN.png */ = {isa = PBXFileReference; lastKnownFileType = image.png; path = HELI_DOWN.png; sourceTree = "<group>"; };
		2E8377EE18899850002ECE37 /* HELI_UP.png */ = {isa = PBXFileReference; lastKnownFileType = image.png; path = HELI_UP.png; sourceTree = "<group>"; };
/* End PBXFileReference section */

/* Begin PBXFrameworksBuildPhase section */
		2E8377AA18896D28002ECE37 /* Frameworks */ = {
			isa = PBXFrameworksBuildPhase;
			buildActionMask = 2147483647;
			files = (
				2E2D6D80188AB44400E12BF4 /* AVFoundation.framework in Frameworks */,
				2E8377B318896D29002ECE37 /* CoreGraphics.framework in Frameworks */,
				2E8377B518896D29002ECE37 /* UIKit.framework in Frameworks */,
				2E8377B118896D29002ECE37 /* Foundation.framework in Frameworks */,
			);
			runOnlyForDeploymentPostprocessing = 0;
		};
		2E8377CB18896D29002ECE37 /* Frameworks */ = {
			isa = PBXFrameworksBuildPhase;
			buildActionMask = 2147483647;
			files = (
				2E8377D018896D29002ECE37 /* XCTest.framework in Frameworks */,
				2E8377D218896D29002ECE37 /* UIKit.framework in Frameworks */,
				2E8377D118896D29002ECE37 /* Foundation.framework in Frameworks */,
			);
			runOnlyForDeploymentPostprocessing = 0;
		};
/* End PBXFrameworksBuildPhase section */

/* Begin PBXGroup section */
		2E8377A418896D28002ECE37 = {
			isa = PBXGroup;
			children = (
				2E8377B618896D29002ECE37 /* Robs Game */,
				2E8377D518896D29002ECE37 /* Robs GameTests */,
				2E8377AF18896D28002ECE37 /* Frameworks */,
				2E8377AE18896D28002ECE37 /* Products */,
			);
			sourceTree = "<group>";
		};
		2E8377AE18896D28002ECE37 /* Products */ = {
			isa = PBXGroup;
			children = (
				2E8377AD18896D28002ECE37 /* Robs Game.app */,
				2E8377CE18896D29002ECE37 /* Robs GameTests.xctest */,
			);
			name = Products;
			sourceTree = "<group>";
		};
		2E8377AF18896D28002ECE37 /* Frameworks */ = {
			isa = PBXGroup;
			children = (
				2E2D6D7F188AB44400E12BF4 /* AVFoundation.framework */,
				2E8377B018896D28002ECE37 /* Foundation.framework */,
				2E8377B218896D29002ECE37 /* CoreGraphics.framework */,
				2E8377B418896D29002ECE37 /* UIKit.framework */,
				2E8377CF18896D29002ECE37 /* XCTest.framework */,
			);
			name = Frameworks;
			sourceTree = "<group>";
		};
		2E8377B618896D29002ECE37 /* Robs Game */ = {
			isa = PBXGroup;
			children = (
				2E8377BF18896D29002ECE37 /* AppDelegate.h */,
				2E8377C018896D29002ECE37 /* AppDelegate.m */,
				2E8377C218896D29002ECE37 /* Main.storyboard */,
				2E8377C518896D29002ECE37 /* ViewController.h */,
				2E8377C618896D29002ECE37 /* ViewController.m */,
				2E8377C818896D29002ECE37 /* Images.xcassets */,
				2E8377B718896D29002ECE37 /* Supporting Files */,
			);
			path = "Robs Game";
			sourceTree = "<group>";
		};
		2E8377B718896D29002ECE37 /* Supporting Files */ = {
			isa = PBXGroup;
			children = (
				2E2D6D7D188AB2C300E12BF4 /* Daft Punk - Get Lucky 8 Bit.mp3 */,
				2E8377ED18899850002ECE37 /* HELI_DOWN.png */,
				2E8377EE18899850002ECE37 /* HELI_UP.png */,
				2E8377E518896DE2002ECE37 /* 968889_613482758695957_1944775838_t.png */,
				2E8377E618896DE2002ECE37 /* 969117_613482742029292_1256699407_n.png */,
				2E8377E718896DE2002ECE37 /* 1004094_613482738695959_1178012209_a.png */,
				2E8377E818896DE2002ECE37 /* 1005215_613482728695960_1845735047_n.png */,
				2E8377B818896D29002ECE37 /* Robs Game-Info.plist */,
				2E8377B918896D29002ECE37 /* InfoPlist.strings */,
				2E8377BC18896D29002ECE37 /* main.m */,
				2E8377BE18896D29002ECE37 /* Robs Game-Prefix.pch */,
			);
			name = "Supporting Files";
			sourceTree = "<group>";
		};
		2E8377D518896D29002ECE37 /* Robs GameTests */ = {
			isa = PBXGroup;
			children = (
				2E8377DB18896D29002ECE37 /* Robs_GameTests.m */,
				2E8377D618896D29002ECE37 /* Supporting Files */,
			);
			path = "Robs GameTests";
			sourceTree = "<group>";
		};
		2E8377D618896D29002ECE37 /* Supporting Files */ = {
			isa = PBXGroup;
			children = (
				2E8377D718896D29002ECE37 /* Robs GameTests-Info.plist */,
				2E8377D818896D29002ECE37 /* InfoPlist.strings */,
			);
			name = "Supporting Files";
			sourceTree = "<group>";
		};
/* End PBXGroup section */

/* Begin PBXNativeTarget section */
		2E8377AC18896D28002ECE37 /* Robs Game */ = {
			isa = PBXNativeTarget;
			buildConfigurationList = 2E8377DF18896D29002ECE37 /* Build configuration list for PBXNativeTarget "Robs Game" */;
			buildPhases = (
				2E8377A918896D28002ECE37 /* Sources */,
				2E8377AA18896D28002ECE37 /* Frameworks */,
				2E8377AB18896D28002ECE37 /* Resources */,
			);
			buildRules = (
			);
			dependencies = (
			);
			name = "Robs Game";
			productName = "Robs Game";
			productReference = 2E8377AD18896D28002ECE37 /* Robs Game.app */;
			productType = "com.apple.product-type.application";
		};
		2E8377CD18896D29002ECE37 /* Robs GameTests */ = {
			isa = PBXNativeTarget;
			buildConfigurationList = 2E8377E218896D29002ECE37 /* Build configuration list for PBXNativeTarget "Robs GameTests" */;
			buildPhases = (
				2E8377CA18896D29002ECE37 /* Sources */,
				2E8377CB18896D29002ECE37 /* Frameworks */,
				2E8377CC18896D29002ECE37 /* Resources */,
			);
			buildRules = (
			);
			dependencies = (
				2E8377D418896D29002ECE37 /* PBXTargetDependency */,
			);
			name = "Robs GameTests";
			productName = "Robs GameTests";
			productReference = 2E8377CE18896D29002ECE37 /* Robs GameTests.xctest */;
			productType = "com.apple.product-type.bundle.unit-test";
		};
/* End PBXNativeTarget section */

/* Begin PBXProject section */
		2E8377A518896D28002ECE37 /* Project object */ = {
			isa = PBXProject;
			attributes = {
				LastUpgradeCheck = 0500;
				ORGANIZATIONNAME = "Robert Bornemann";
				TargetAttributes = {
					2E8377CD18896D29002ECE37 = {
						TestTargetID = 2E8377AC18896D28002ECE37;
					};
				};
			};
			buildConfigurationList = 2E8377A818896D28002ECE37 /* Build configuration list for PBXProject "Robs Game" */;
			compatibilityVersion = "Xcode 3.2";
			developmentRegion = English;
			hasScannedForEncodings = 0;
			knownRegions = (
				en,
				Base,
			);
			mainGroup = 2E8377A418896D28002ECE37;
			productRefGroup = 2E8377AE18896D28002ECE37 /* Products */;
			projectDirPath = "";
			projectRoot = "";
			targets = (
				2E8377AC18896D28002ECE37 /* Robs Game */,
				2E8377CD18896D29002ECE37 /* Robs GameTests */,
			);
		};
/* End PBXProject section */

/* Begin PBXResourcesBuildPhase section */
		2E8377AB18896D28002ECE37 /* Resources */ = {
			isa = PBXResourcesBuildPhase;
			buildActionMask = 2147483647;
			files = (
				2E8377E918896DE2002ECE37 /* 968889_613482758695957_1944775838_t.png in Resources */,
				2E8377F018899850002ECE37 /* HELI_UP.png in Resources */,
				2E2D6D7E188AB2C300E12BF4 /* Daft Punk - Get Lucky 8 Bit.mp3 in Resources */,
				2E8377EF18899850002ECE37 /* HELI_DOWN.png in Resources */,
				2E8377C918896D29002ECE37 /* Images.xcassets in Resources */,
				2E8377EA18896DE2002ECE37 /* 969117_613482742029292_1256699407_n.png in Resources */,
				2E8377BB18896D29002ECE37 /* InfoPlist.strings in Resources */,
				2E8377C418896D29002ECE37 /* Main.storyboard in Resources */,
				2E8377EB18896DE2002ECE37 /* 1004094_613482738695959_1178012209_a.png in Resources */,
				2E8377EC18896DE2002ECE37 /* 1005215_613482728695960_1845735047_n.png in Resources */,
			);
			runOnlyForDeploymentPostprocessing = 0;
		};
		2E8377CC18896D29002ECE37 /* Resources */ = {
			isa = PBXResourcesBuildPhase;
			buildActionMask = 2147483647;
			files = (
				2E8377DA18896D29002ECE37 /* InfoPlist.strings in Resources */,
			);
			runOnlyForDeploymentPostprocessing = 0;
		};
/* End PBXResourcesBuildPhase section */

/* Begin PBXSourcesBuildPhase section */
		2E8377A918896D28002ECE37 /* Sources */ = {
			isa = PBXSourcesBuildPhase;
			buildActionMask = 2147483647;
			files = (
				2E8377C718896D29002ECE37 /* ViewController.m in Sources */,
				2E8377C118896D29002ECE37 /* AppDelegate.m in Sources */,
				2E8377BD18896D29002ECE37 /* main.m in Sources */,
			);
			runOnlyForDeploymentPostprocessing = 0;
		};
		2E8377CA18896D29002ECE37 /* Sources */ = {
			isa = PBXSourcesBuildPhase;
			buildActionMask = 2147483647;
			files = (
				2E8377DC18896D29002ECE37 /* Robs_GameTests.m in Sources */,
			);
			runOnlyForDeploymentPostprocessing = 0;
		};
/* End PBXSourcesBuildPhase section */

/* Begin PBXTargetDependency section */
		2E8377D418896D29002ECE37 /* PBXTargetDependency */ = {
			isa = PBXTargetDependency;
			target = 2E8377AC18896D28002ECE37 /* Robs Game */;
			targetProxy = 2E8377D318896D29002ECE37 /* PBXContainerItemProxy */;
		};
/* End PBXTargetDependency section */

/* Begin PBXVariantGroup section */
		2E8377B918896D29002ECE37 /* InfoPlist.strings */ = {
			isa = PBXVariantGroup;
			children = (
				2E8377BA18896D29002ECE37 /* en */,
			);
			name = InfoPlist.strings;
			sourceTree = "<group>";
		};
		2E8377C218896D29002ECE37 /* Main.storyboard */ = {
			isa = PBXVariantGroup;
			children = (
				2E8377C318896D29002ECE37 /* Base */,
			);
			name = Main.storyboard;
			sourceTree = "<group>";
		};
		2E8377D818896D29002ECE37 /* InfoPlist.strings */ = {
			isa = PBXVariantGroup;
			children = (
				2E8377D918896D29002ECE37 /* en */,
			);
			name = InfoPlist.strings;
			sourceTree = "<group>";
		};
/* End PBXVariantGroup section */

/* Begin XCBuildConfiguration section */
		2E8377DD18896D29002ECE37 /* Debug */ = {
			isa = XCBuildConfiguration;
			buildSettings = {
				ALWAYS_SEARCH_USER_PATHS = NO;
				ARCHS = "$(ARCHS_STANDARD_INCLUDING_64_BIT)";
				CLANG_CXX_LANGUAGE_STANDARD = "gnu++0x";
				CLANG_CXX_LIBRARY = "libc++";
				CLANG_ENABLE_MODULES = YES;
				CLANG_ENABLE_OBJC_ARC = YES;
				CLANG_WARN_BOOL_CONVERSION = YES;
				CLANG_WARN_CONSTANT_CONVERSION = YES;
				CLANG_WARN_DIRECT_OBJC_ISA_USAGE = YES_ERROR;
				CLANG_WARN_EMPTY_BODY = YES;
				CLANG_WARN_ENUM_CONVERSION = YES;
				CLANG_WARN_INT_CONVERSION = YES;
				CLANG_WARN_OBJC_ROOT_CLASS = YES_ERROR;
				CLANG_WARN__DUPLICATE_METHOD_MATCH = YES;
				"CODE_SIGN_IDENTITY[sdk=iphoneos*]" = "iPhone Developer";
				COPY_PHASE_STRIP = NO;
				GCC_C_LANGUAGE_STANDARD = gnu99;
				GCC_DYNAMIC_NO_PIC = NO;
				GCC_OPTIMIZATION_LEVEL = 0;
				GCC_PREPROCESSOR_DEFINITIONS = (
					"DEBUG=1",
					"$(inherited)",
				);
				GCC_SYMBOLS_PRIVATE_EXTERN = NO;
				GCC_WARN_64_TO_32_BIT_CONVERSION = YES;
				GCC_WARN_ABOUT_RETURN_TYPE = YES_ERROR;
				GCC_WARN_UNDECLARED_SELECTOR = YES;
				GCC_WARN_UNINITIALIZED_AUTOS = YES;
				GCC_WARN_UNUSED_FUNCTION = YES;
				GCC_WARN_UNUSED_VARIABLE = YES;
				IPHONEOS_DEPLOYMENT_TARGET = 7.0;
				ONLY_ACTIVE_ARCH = YES;
				SDKROOT = iphoneos;
			};
			name = Debug;
		};
		2E8377DE18896D29002ECE37 /* Release */ = {
			isa = XCBuildConfiguration;
			buildSettings = {
				ALWAYS_SEARCH_USER_PATHS = NO;
				ARCHS = "$(ARCHS_STANDARD_INCLUDING_64_BIT)";
				CLANG_CXX_LANGUAGE_STANDARD = "gnu++0x";
				CLANG_CXX_LIBRARY = "libc++";
				CLANG_ENABLE_MODULES = YES;
				CLANG_ENABLE_OBJC_ARC = YES;
				CLANG_WARN_BOOL_CONVERSION = YES;
				CLANG_WARN_CONSTANT_CONVERSION = YES;
				CLANG_WARN_DIRECT_OBJC_ISA_USAGE = YES_ERROR;
				CLANG_WARN_EMPTY_BODY = YES;
				CLANG_WARN_ENUM_CONVERSION = YES;
				CLANG_WARN_INT_CONVERSION = YES;
				CLANG_WARN_OBJC_ROOT_CLASS = YES_ERROR;
				CLANG_WARN__DUPLICATE_METHOD_MATCH = YES;
				"CODE_SIGN_IDENTITY[sdk=iphoneos*]" = "iPhone Developer";
				COPY_PHASE_STRIP = YES;
				ENABLE_NS_ASSERTIONS = NO;
				GCC_C_LANGUAGE_STANDARD = gnu99;
				GCC_WARN_64_TO_32_BIT_CONVERSION = YES;
				GCC_WARN_ABOUT_RETURN_TYPE = YES_ERROR;
				GCC_WARN_UNDECLARED_SELECTOR = YES;
				GCC_WARN_UNINITIALIZED_AUTOS = YES;
				GCC_WARN_UNUSED_FUNCTION = YES;
				GCC_WARN_UNUSED_VARIABLE = YES;
				IPHONEOS_DEPLOYMENT_TARGET = 7.0;
				SDKROOT = iphoneos;
				VALIDATE_PRODUCT = YES;
			};
			name = Release;
		};
		2E8377E018896D29002ECE37 /* Debug */ = {
			isa = XCBuildConfiguration;
			buildSettings = {
				ASSETCATALOG_COMPILER_APPICON_NAME = AppIcon;
				ASSETCATALOG_COMPILER_LAUNCHIMAGE_NAME = LaunchImage;
				GCC_PRECOMPILE_PREFIX_HEADER = YES;
				GCC_PREFIX_HEADER = "Robs Game/Robs Game-Prefix.pch";
				INFOPLIST_FILE = "Robs Game/Robs Game-Info.plist";
				PRODUCT_NAME = "$(TARGET_NAME)";
				WRAPPER_EXTENSION = app;
			};
			name = Debug;
		};
		2E8377E118896D29002ECE37 /* Release */ = {
			isa = XCBuildConfiguration;
			buildSettings = {
				ASSETCATALOG_COMPILER_APPICON_NAME = AppIcon;
				ASSETCATALOG_COMPILER_LAUNCHIMAGE_NAME = LaunchImage;
				GCC_PRECOMPILE_PREFIX_HEADER = YES;
				GCC_PREFIX_HEADER = "Robs Game/Robs Game-Prefix.pch";
				INFOPLIST_FILE = "Robs Game/Robs Game-Info.plist";
				PRODUCT_NAME = "$(TARGET_NAME)";
				WRAPPER_EXTENSION = app;
			};
			name = Release;
		};
		2E8377E318896D29002ECE37 /* Debug */ = {
			isa = XCBuildConfiguration;
			buildSettings = {
				ARCHS = "$(ARCHS_STANDARD_INCLUDING_64_BIT)";
				BUNDLE_LOADER = "$(BUILT_PRODUCTS_DIR)/Robs Game.app/Robs Game";
				FRAMEWORK_SEARCH_PATHS = (
					"$(SDKROOT)/Developer/Library/Frameworks",
					"$(inherited)",
					"$(DEVELOPER_FRAMEWORKS_DIR)",
				);
				GCC_PRECOMPILE_PREFIX_HEADER = YES;
				GCC_PREFIX_HEADER = "Robs Game/Robs Game-Prefix.pch";
				GCC_PREPROCESSOR_DEFINITIONS = (
					"DEBUG=1",
					"$(inherited)",
				);
				INFOPLIST_FILE = "Robs GameTests/Robs GameTests-Info.plist";
				PRODUCT_NAME = "$(TARGET_NAME)";
				TEST_HOST = "$(BUNDLE_LOADER)";
				WRAPPER_EXTENSION = xctest;
			};
			name = Debug;
		};
		2E8377E418896D29002ECE37 /* Release */ = {
			isa = XCBuildConfiguration;
			buildSettings = {
				ARCHS = "$(ARCHS_STANDARD_INCLUDING_64_BIT)";
				BUNDLE_LOADER = "$(BUILT_PRODUCTS_DIR)/Robs Game.app/Robs Game";
				FRAMEWORK_SEARCH_PATHS = (
					"$(SDKROOT)/Developer/Library/Frameworks",
					"$(inherited)",
					"$(DEVELOPER_FRAMEWORKS_DIR)",
				);
				GCC_PRECOMPILE_PREFIX_HEADER = YES;
				GCC_PREFIX_HEADER = "Robs Game/Robs Game-Prefix.pch";
				INFOPLIST_FILE = "Robs GameTests/Robs GameTests-Info.plist";
				PRODUCT_NAME = "$(TARGET_NAME)";
				TEST_HOST = "$(BUNDLE_LOADER)";
				WRAPPER_EXTENSION = xctest;
			};
			name = Release;
		};
/* End XCBuildConfiguration section */

/* Begin XCConfigurationList section */
		2E8377A818896D28002ECE37 /* Build configuration list for PBXProject "Robs Game" */ = {
			isa = XCConfigurationList;
			buildConfigurations = (
				2E8377DD18896D29002ECE37 /* Debug */,
				2E8377DE18896D29002ECE37 /* Release */,
			);
			defaultConfigurationIsVisible = 0;
			defaultConfigurationName = Release;
		};
		2E8377DF18896D29002ECE37 /* Build configuration list for PBXNativeTarget "Robs Game" */ = {
			isa = XCConfigurationList;
			buildConfigurations = (
				2E8377E018896D29002ECE37 /* Debug */,
				2E8377E118896D29002ECE37 /* Release */,
			);
			defaultConfigurationIsVisible = 0;
			defaultConfigurationName = Release;
		};
		2E8377E218896D29002ECE37 /* Build configuration list for PBXNativeTarget "Robs GameTests" */ = {
			isa = XCConfigurationList;
			buildConfigurations = (
				2E8377E318896D29002ECE37 /* Debug */,
				2E8377E418896D29002ECE37 /* Release */,
			);
			defaultConfigurationIsVisible = 0;
			defaultConfigurationName = Release;
		};
/* End XCConfigurationList section */
	};
	rootObject = 2E8377A518896D28002ECE37 /* Project object */;
}
